
Microsoft Visual Studio Solution File, Format Version 12.00
# Visual Studio Version 16
VisualStudioVersion = 16.0.31702.278
MinimumVisualStudioVersion = 10.0.40219.1
Project("{FAE04EC0-301F-11D3-BF4B-00C04F79EFBC}") = "Exam", "Exam.csproj", "{533A764E-3CC7-469A-AA68-1BF9498B6B48}"
EndProject
Global
	GlobalSection(SolutionConfigurationPlatforms) = preSolution
		Debug|Any CPU = Debug|Any CPU
		Release|Any CPU = Release|Any CPU
	EndGlobalSection
	GlobalSection(ProjectConfigurationPlatforms) = postSolution
		{533A764E-3CC7-469A-AA68-1BF9498B6B48}.Debug|Any CPU.ActiveCfg = Debug|Any CPU
		{533A764E-3CC7-469A-AA68-1BF9498B6B48}.Debug|Any CPU.Build.0 = Debug|Any CPU
		{533A764E-3CC7-469A-AA68-1BF9498B6B48}.Release|Any CPU.ActiveCfg = Release|Any CPU
		{533A764E-3CC7-469A-AA68-1BF9498B6B48}.Release|Any CPU.Build.0 = Release|Any CPU
	EndGlobalSection
	GlobalSection(SolutionProperties) = preSolution
		HideSolutionNode = FALSE
	EndGlobalSection
	GlobalSection(ExtensibilityGlobals) = postSolution
		SolutionGuid = {ABD2FCF0-B10F-429C-9703-F280389183ED}
	EndGlobalSection
EndGlobal
